
Microsoft Visual Studio Solution File, Format Version 12.00
# Visual Studio Version 17
VisualStudioVersion = 17.4.33205.214
MinimumVisualStudioVersion = 10.0.40219.1
Project("{FAE04EC0-301F-11D3-BF4B-00C04F79EFBC}") = "sınav 2 soru1", "sınav 2 soru1\sınav 2 soru1.csproj", "{DC920E70-0523-4FD7-A9AE-0FA9EB1B2705}"
EndProject
Global
	GlobalSection(SolutionConfigurationPlatforms) = preSolution
		Debug|Any CPU = Debug|Any CPU
		Release|Any CPU = Release|Any CPU
	EndGlobalSection
	GlobalSection(ProjectConfigurationPlatforms) = postSolution
		{DC920E70-0523-4FD7-A9AE-0FA9EB1B2705}.Debug|Any CPU.ActiveCfg = Debug|Any CPU
		{DC920E70-0523-4FD7-A9AE-0FA9EB1B2705}.Debug|Any CPU.Build.0 = Debug|Any CPU
		{DC920E70-0523-4FD7-A9AE-0FA9EB1B2705}.Release|Any CPU.ActiveCfg = Release|Any CPU
		{DC920E70-0523-4FD7-A9AE-0FA9EB1B2705}.Release|Any CPU.Build.0 = Release|Any CPU
	EndGlobalSection
	GlobalSection(SolutionProperties) = preSolution
		HideSolutionNode = FALSE
	EndGlobalSection
	GlobalSection(ExtensibilityGlobals) = postSolution
		SolutionGuid = {F74BA2CA-9C07-4FC3-A120-036CBF8948DC}
	EndGlobalSection
EndGlobal
